// !$*UTF8*$!
{
	archiveVersion = 1;
	classes = {
	};
	objectVersion = 50;
	objects = {

/* Begin PBXBuildFile section */
		F91E022025C77D180027994D /* AppDelegate.swift in Sources */ = {isa = PBXBuildFile; fileRef = F91E021F25C77D180027994D /* AppDelegate.swift */; };
		F91E022225C77D180027994D /* SceneDelegate.swift in Sources */ = {isa = PBXBuildFile; fileRef = F91E022125C77D180027994D /* SceneDelegate.swift */; };
		F91E022425C77D180027994D /* ViewController.swift in Sources */ = {isa = PBXBuildFile; fileRef = F91E022325C77D180027994D /* ViewController.swift */; };
		F91E022725C77D180027994D /* Main.storyboard in Resources */ = {isa = PBXBuildFile; fileRef = F91E022525C77D180027994D /* Main.storyboard */; };
		F91E022925C77D1B0027994D /* Assets.xcassets in Resources */ = {isa = PBXBuildFile; fileRef = F91E022825C77D1B0027994D /* Assets.xcassets */; };
		F91E022C25C77D1B0027994D /* LaunchScreen.storyboard in Resources */ = {isa = PBXBuildFile; fileRef = F91E022A25C77D1B0027994D /* LaunchScreen.storyboard */; };
		F91E023725C77D1C0027994D /* PreworkTests.swift in Sources */ = {isa = PBXBuildFile; fileRef = F91E023625C77D1C0027994D /* PreworkTests.swift */; };
		F91E024225C77D1C0027994D /* PreworkUITests.swift in Sources */ = {isa = PBXBuildFile; fileRef = F91E024125C77D1C0027994D /* PreworkUITests.swift */; };
/* End PBXBuildFile section */

/* Begin PBXContainerItemProxy section */
		F91E023325C77D1C0027994D /* PBXContainerItemProxy */ = {
			isa = PBXContainerItemProxy;
			containerPortal = F91E021425C77D180027994D /* Project object */;
			proxyType = 1;
			remoteGlobalIDString = F91E021B25C77D180027994D;
			remoteInfo = Prework;
		};
		F91E023E25C77D1C0027994D /* PBXContainerItemProxy */ = {
			isa = PBXContainerItemProxy;
			containerPortal = F91E021425C77D180027994D /* Project object */;
			proxyType = 1;
			remoteGlobalIDString = F91E021B25C77D180027994D;
			remoteInfo = Prework;
		};
/* End PBXContainerItemProxy section */

/* Begin PBXFileReference section */
		F91E021C25C77D180027994D /* Prework.app */ = {isa = PBXFileReference; explicitFileType = wrapper.application; includeInIndex = 0; path = Prework.app; sourceTree = BUILT_PRODUCTS_DIR; };
		F91E021F25C77D180027994D /* AppDelegate.swift */ = {isa = PBXFileReference; lastKnownFileType = sourcecode.swift; path = AppDelegate.swift; sourceTree = "<group>"; };
		F91E022125C77D180027994D /* SceneDelegate.swift */ = {isa = PBXFileReference; lastKnownFileType = sourcecode.swift; path = SceneDelegate.swift; sourceTree = "<group>"; };
		F91E022325C77D180027994D /* ViewController.swift */ = {isa = PBXFileReference; lastKnownFileType = sourcecode.swift; path = ViewController.swift; sourceTree = "<group>"; };
		F91E022625C77D180027994D /* Base */ = {isa = PBXFileReference; lastKnownFileType = file.storyboard; name = Base; path = Base.lproj/Main.storyboard; sourceTree = "<group>"; };
		F91E022825C77D1B0027994D /* Assets.xcassets */ = {isa = PBXFileReference; lastKnownFileType = folder.assetcatalog; path = Assets.xcassets; sourceTree = "<group>"; };
		F91E022B25C77D1B0027994D /* Base */ = {isa = PBXFileReference; lastKnownFileType = file.storyboard; name = Base; path = Base.lproj/LaunchScreen.storyboard; sourceTree = "<group>"; };
		F91E022D25C77D1B0027994D /* Info.plist */ = {isa = PBXFileReference; lastKnownFileType = text.plist.xml; path = Info.plist; sourceTree = "<group>"; };
		F91E023225C77D1C0027994D /* PreworkTests.xctest */ = {isa = PBXFileReference; explicitFileType = wrapper.cfbundle; includeInIndex = 0; path = PreworkTests.xctest; sourceTree = BUILT_PRODUCTS_DIR; };
		F91E023625C77D1C0027994D /* PreworkTests.swift */ = {isa = PBXFileReference; lastKnownFileType = sourcecode.swift; path = PreworkTests.swift; sourceTree = "<group>"; };
		F91E023825C77D1C0027994D /* Info.plist */ = {isa = PBXFileReference; lastKnownFileType = text.plist.xml; path = Info.plist; sourceTree = "<group>"; };
		F91E023D25C77D1C0027994D /* PreworkUITests.xctest */ = {isa = PBXFileReference; explicitFileType = wrapper.cfbundle; includeInIndex = 0; path = PreworkUITests.xctest; sourceTree = BUILT_PRODUCTS_DIR; };
		F91E024125C77D1C0027994D /* PreworkUITests.swift */ = {isa = PBXFileReference; lastKnownFileType = sourcecode.swift; path = PreworkUITests.swift; sourceTree = "<group>"; };
		F91E024325C77D1C0027994D /* Info.plist */ = {isa = PBXFileReference; lastKnownFileType = text.plist.xml; path = Info.plist; sourceTree = "<group>"; };
/* End PBXFileReference section */

/* Begin PBXFrameworksBuildPhase section */
		F91E021925C77D180027994D /* Frameworks */ = {
			isa = PBXFrameworksBuildPhase;
			buildActionMask = 2147483647;
			files = (
			);
			runOnlyForDeploymentPostprocessing = 0;
		};
		F91E022F25C77D1C0027994D /* Frameworks */ = {
			isa = PBXFrameworksBuildPhase;
			buildActionMask = 2147483647;
			files = (
			);
			runOnlyForDeploymentPostprocessing = 0;
		};
		F91E023A25C77D1C0027994D /* Frameworks */ = {
			isa = PBXFrameworksBuildPhase;
			buildActionMask = 2147483647;
			files = (
			);
			runOnlyForDeploymentPostprocessing = 0;
		};
/* End PBXFrameworksBuildPhase section */

/* Begin PBXGroup section */
		F91E021325C77D180027994D = {
			isa = PBXGroup;
			children = (
				F91E021E25C77D180027994D /* Prework */,
				F91E023525C77D1C0027994D /* PreworkTests */,
				F91E024025C77D1C0027994D /* PreworkUITests */,
				F91E021D25C77D180027994D /* Products */,
			);
			sourceTree = "<group>";
		};
		F91E021D25C77D180027994D /* Products */ = {
			isa = PBXGroup;
			children = (
				F91E021C25C77D180027994D /* Prework.app */,
				F91E023225C77D1C0027994D /* PreworkTests.xctest */,
				F91E023D25C77D1C0027994D /* PreworkUITests.xctest */,
			);
			name = Products;
			sourceTree = "<group>";
		};
		F91E021E25C77D180027994D /* Prework */ = {
			isa = PBXGroup;
			children = (
				F91E021F25C77D180027994D /* AppDelegate.swift */,
				F91E022125C77D180027994D /* SceneDelegate.swift */,
				F91E022325C77D180027994D /* ViewController.swift */,
				F91E022525C77D180027994D /* Main.storyboard */,
				F91E022825C77D1B0027994D /* Assets.xcassets */,
				F91E022A25C77D1B0027994D /* LaunchScreen.storyboard */,
				F91E022D25C77D1B0027994D /* Info.plist */,
			);
			path = Prework;
			sourceTree = "<group>";
		};
		F91E023525C77D1C0027994D /* PreworkTests */ = {
			isa = PBXGroup;
			children = (
				F91E023625C77D1C0027994D /* PreworkTests.swift */,
				F91E023825C77D1C0027994D /* Info.plist */,
			);
			path = PreworkTests;
			sourceTree = "<group>";
		};
		F91E024025C77D1C0027994D /* PreworkUITests */ = {
			isa = PBXGroup;
			children = (
				F91E024125C77D1C0027994D /* PreworkUITests.swift */,
				F91E024325C77D1C0027994D /* Info.plist */,
			);
			path = PreworkUITests;
			sourceTree = "<group>";
		};
/* End PBXGroup section */

/* Begin PBXNativeTarget section */
		F91E021B25C77D180027994D /* Prework */ = {
			isa = PBXNativeTarget;
			buildConfigurationList = F91E024625C77D1C0027994D /* Build configuration list for PBXNativeTarget "Prework" */;
			buildPhases = (
				F91E021825C77D180027994D /* Sources */,
				F91E021925C77D180027994D /* Frameworks */,
				F91E021A25C77D180027994D /* Resources */,
			);
			buildRules = (
			);
			dependencies = (
			);
			name = Prework;
			productName = Prework;
			productReference = F91E021C25C77D180027994D /* Prework.app */;
			productType = "com.apple.product-type.application";
		};
		F91E023125C77D1C0027994D /* PreworkTests */ = {
			isa = PBXNativeTarget;
			buildConfigurationList = F91E024925C77D1C0027994D /* Build configuration list for PBXNativeTarget "PreworkTests" */;
			buildPhases = (
				F91E022E25C77D1C0027994D /* Sources */,
				F91E022F25C77D1C0027994D /* Frameworks */,
				F91E023025C77D1C0027994D /* Resources */,
			);
			buildRules = (
			);
			dependencies = (
				F91E023425C77D1C0027994D /* PBXTargetDependency */,
			);
			name = PreworkTests;
			productName = PreworkTests;
			productReference = F91E023225C77D1C0027994D /* PreworkTests.xctest */;
			productType = "com.apple.product-type.bundle.unit-test";
		};
		F91E023C25C77D1C0027994D /* PreworkUITests */ = {
			isa = PBXNativeTarget;
			buildConfigurationList = F91E024C25C77D1C0027994D /* Build configuration list for PBXNativeTarget "PreworkUITests" */;
			buildPhases = (
				F91E023925C77D1C0027994D /* Sources */,
				F91E023A25C77D1C0027994D /* Frameworks */,
				F91E023B25C77D1C0027994D /* Resources */,
			);
			buildRules = (
			);
			dependencies = (
				F91E023F25C77D1C0027994D /* PBXTargetDependency */,
			);
			name = PreworkUITests;
			productName = PreworkUITests;
			productReference = F91E023D25C77D1C0027994D /* PreworkUITests.xctest */;
			productType = "com.apple.product-type.bundle.ui-testing";
		};
/* End PBXNativeTarget section */

/* Begin PBXProject section */
		F91E021425C77D180027994D /* Project object */ = {
			isa = PBXProject;
			attributes = {
				LastSwiftUpdateCheck = 1230;
				LastUpgradeCheck = 1230;
				TargetAttributes = {
					F91E021B25C77D180027994D = {
						CreatedOnToolsVersion = 12.3;
					};
					F91E023125C77D1C0027994D = {
						CreatedOnToolsVersion = 12.3;
						TestTargetID = F91E021B25C77D180027994D;
					};
					F91E023C25C77D1C0027994D = {
						CreatedOnToolsVersion = 12.3;
						TestTargetID = F91E021B25C77D180027994D;
					};
				};
			};
			buildConfigurationList = F91E021725C77D180027994D /* Build configuration list for PBXProject "Prework" */;
			compatibilityVersion = "Xcode 9.3";
			developmentRegion = en;
			hasScannedForEncodings = 0;
			knownRegions = (
				en,
				Base,
			);
			mainGroup = F91E021325C77D180027994D;
			productRefGroup = F91E021D25C77D180027994D /* Products */;
			projectDirPath = "";
			projectRoot = "";
			targets = (
				F91E021B25C77D180027994D /* Prework */,
				F91E023125C77D1C0027994D /* PreworkTests */,
				F91E023C25C77D1C0027994D /* PreworkUITests */,
			);
		};
/* End PBXProject section */

/* Begin PBXResourcesBuildPhase section */
		F91E021A25C77D180027994D /* Resources */ = {
			isa = PBXResourcesBuildPhase;
			buildActionMask = 2147483647;
			files = (
				F91E022C25C77D1B0027994D /* LaunchScreen.storyboard in Resources */,
				F91E022925C77D1B0027994D /* Assets.xcassets in Resources */,
				F91E022725C77D180027994D /* Main.storyboard in Resources */,
			);
			runOnlyForDeploymentPostprocessing = 0;
		};
		F91E023025C77D1C0027994D /* Resources */ = {
			isa = PBXResourcesBuildPhase;
			buildActionMask = 2147483647;
			files = (
			);
			runOnlyForDeploymentPostprocessing = 0;
		};
		F91E023B25C77D1C0027994D /* Resources */ = {
			isa = PBXResourcesBuildPhase;
			buildActionMask = 2147483647;
			files = (
			);
			runOnlyForDeploymentPostprocessing = 0;
		};
/* End PBXResourcesBuildPhase section */

/* Begin PBXSourcesBuildPhase section */
		F91E021825C77D180027994D /* Sources */ = {
			isa = PBXSourcesBuildPhase;
			buildActionMask = 2147483647;
			files = (
				F91E022425C77D180027994D /* ViewController.swift in Sources */,
				F91E022025C77D180027994D /* AppDelegate.swift in Sources */,
				F91E022225C77D180027994D /* SceneDelegate.swift in Sources */,
			);
			runOnlyForDeploymentPostprocessing = 0;
		};
		F91E022E25C77D1C0027994D /* Sources */ = {
			isa = PBXSourcesBuildPhase;
			buildActionMask = 2147483647;
			files = (
				F91E023725C77D1C0027994D /* PreworkTests.swift in Sources */,
			);
			runOnlyForDeploymentPostprocessing = 0;
		};
		F91E023925C77D1C0027994D /* Sources */ = {
			isa = PBXSourcesBuildPhase;
			buildActionMask = 2147483647;
			files = (
				F91E024225C77D1C0027994D /* PreworkUITests.swift in Sources */,
			);
			runOnlyForDeploymentPostprocessing = 0;
		};
/* End PBXSourcesBuildPhase section */

/* Begin PBXTargetDependency section */
		F91E023425C77D1C0027994D /* PBXTargetDependency */ = {
			isa = PBXTargetDependency;
			target = F91E021B25C77D180027994D /* Prework */;
			targetProxy = F91E023325C77D1C0027994D /* PBXContainerItemProxy */;
		};
		F91E023F25C77D1C0027994D /* PBXTargetDependency */ = {
			isa = PBXTargetDependency;
			target = F91E021B25C77D180027994D /* Prework */;
			targetProxy = F91E023E25C77D1C0027994D /* PBXContainerItemProxy */;
		};
/* End PBXTargetDependency section */

/* Begin PBXVariantGroup section */
		F91E022525C77D180027994D /* Main.storyboard */ = {
			isa = PBXVariantGroup;
			children = (
				F91E022625C77D180027994D /* Base */,
			);
			name = Main.storyboard;
			sourceTree = "<group>";
		};
		F91E022A25C77D1B0027994D /* LaunchScreen.storyboard */ = {
			isa = PBXVariantGroup;
			children = (
				F91E022B25C77D1B0027994D /* Base */,
			);
			name = LaunchScreen.storyboard;
			sourceTree = "<group>";
		};
/* End PBXVariantGroup section */

/* Begin XCBuildConfiguration section */
		F91E024425C77D1C0027994D /* Debug */ = {
			isa = XCBuildConfiguration;
			buildSettings = {
				ALWAYS_SEARCH_USER_PATHS = NO;
				CLANG_ANALYZER_NONNULL = YES;
				CLANG_ANALYZER_NUMBER_OBJECT_CONVERSION = YES_AGGRESSIVE;
				CLANG_CXX_LANGUAGE_STANDARD = "gnu++14";
				CLANG_CXX_LIBRARY = "libc++";
				CLANG_ENABLE_MODULES = YES;
				CLANG_ENABLE_OBJC_ARC = YES;
				CLANG_ENABLE_OBJC_WEAK = YES;
				CLANG_WARN_BLOCK_CAPTURE_AUTORELEASING = YES;
				CLANG_WARN_BOOL_CONVERSION = YES;
				CLANG_WARN_COMMA = YES;
				CLANG_WARN_CONSTANT_CONVERSION = YES;
				CLANG_WARN_DEPRECATED_OBJC_IMPLEMENTATIONS = YES;
				CLANG_WARN_DIRECT_OBJC_ISA_USAGE = YES_ERROR;
				CLANG_WARN_DOCUMENTATION_COMMENTS = YES;
				CLANG_WARN_EMPTY_BODY = YES;
				CLANG_WARN_ENUM_CONVERSION = YES;
				CLANG_WARN_INFINITE_RECURSION = YES;
				CLANG_WARN_INT_CONVERSION = YES;
				CLANG_WARN_NON_LITERAL_NULL_CONVERSION = YES;
				CLANG_WARN_OBJC_IMPLICIT_RETAIN_SELF = YES;
				CLANG_WARN_OBJC_LITERAL_CONVERSION = YES;
				CLANG_WARN_OBJC_ROOT_CLASS = YES_ERROR;
				CLANG_WARN_QUOTED_INCLUDE_IN_FRAMEWORK_HEADER = YES;
				CLANG_WARN_RANGE_LOOP_ANALYSIS = YES;
				CLANG_WARN_STRICT_PROTOTYPES = YES;
				CLANG_WARN_SUSPICIOUS_MOVE = YES;
				CLANG_WARN_UNGUARDED_AVAILABILITY = YES_AGGRESSIVE;
				CLANG_WARN_UNREACHABLE_CODE = YES;
				CLANG_WARN__DUPLICATE_METHOD_MATCH = YES;
				COPY_PHASE_STRIP = NO;
				DEBUG_INFORMATION_FORMAT = dwarf;
				ENABLE_STRICT_OBJC_MSGSEND = YES;
				ENABLE_TESTABILITY = YES;
				GCC_C_LANGUAGE_STANDARD = gnu11;
				GCC_DYNAMIC_NO_PIC = NO;
				GCC_NO_COMMON_BLOCKS = YES;
				GCC_OPTIMIZATION_LEVEL = 0;
				GCC_PREPROCESSOR_DEFINITIONS = (
					"DEBUG=1",
					"$(inherited)",
				);
				GCC_WARN_64_TO_32_BIT_CONVERSION = YES;
				GCC_WARN_ABOUT_RETURN_TYPE = YES_ERROR;
				GCC_WARN_UNDECLARED_SELECTOR = YES;
				GCC_WARN_UNINITIALIZED_AUTOS = YES_AGGRESSIVE;
				GCC_WARN_UNUSED_FUNCTION = YES;
				GCC_WARN_UNUSED_VARIABLE = YES;
				IPHONEOS_DEPLOYMENT_TARGET = 14.3;
				MTL_ENABLE_DEBUG_INFO = INCLUDE_SOURCE;
				MTL_FAST_MATH = YES;
				ONLY_ACTIVE_ARCH = YES;
				SDKROOT = iphoneos;
				SWIFT_ACTIVE_COMPILATION_CONDITIONS = DEBUG;
				SWIFT_OPTIMIZATION_LEVEL = "-Onone";
			};
			name = Debug;
		};
		F91E024525C77D1C0027994D /* Release */ = {
			isa = XCBuildConfiguration;
			buildSettings = {
				ALWAYS_SEARCH_USER_PATHS = NO;
				CLANG_ANALYZER_NONNULL = YES;
				CLANG_ANALYZER_NUMBER_OBJECT_CONVERSION = YES_AGGRESSIVE;
				CLANG_CXX_LANGUAGE_STANDARD = "gnu++14";
				CLANG_CXX_LIBRARY = "libc++";
				CLANG_ENABLE_MODULES = YES;
				CLANG_ENABLE_OBJC_ARC = YES;
				CLANG_ENABLE_OBJC_WEAK = YES;
				CLANG_WARN_BLOCK_CAPTURE_AUTORELEASING = YES;
				CLANG_WARN_BOOL_CONVERSION = YES;
				CLANG_WARN_COMMA = YES;
				CLANG_WARN_CONSTANT_CONVERSION = YES;
				CLANG_WARN_DEPRECATED_OBJC_IMPLEMENTATIONS = YES;
				CLANG_WARN_DIRECT_OBJC_ISA_USAGE = YES_ERROR;
				CLANG_WARN_DOCUMENTATION_COMMENTS = YES;
				CLANG_WARN_EMPTY_BODY = YES;
				CLANG_WARN_ENUM_CONVERSION = YES;
				CLANG_WARN_INFINITE_RECURSION = YES;
				CLANG_WARN_INT_CONVERSION = YES;
				CLANG_WARN_NON_LITERAL_NULL_CONVERSION = YES;
				CLANG_WARN_OBJC_IMPLICIT_RETAIN_SELF = YES;
				CLANG_WARN_OBJC_LITERAL_CONVERSION = YES;
				CLANG_WARN_OBJC_ROOT_CLASS = YES_ERROR;
				CLANG_WARN_QUOTED_INCLUDE_IN_FRAMEWORK_HEADER = YES;
				CLANG_WARN_RANGE_LOOP_ANALYSIS = YES;
				CLANG_WARN_STRICT_PROTOTYPES = YES;
				CLANG_WARN_SUSPICIOUS_MOVE = YES;
				CLANG_WARN_UNGUARDED_AVAILABILITY = YES_AGGRESSIVE;
				CLANG_WARN_UNREACHABLE_CODE = YES;
				CLANG_WARN__DUPLICATE_METHOD_MATCH = YES;
				COPY_PHASE_STRIP = NO;
				DEBUG_INFORMATION_FORMAT = "dwarf-with-dsym";
				ENABLE_NS_ASSERTIONS = NO;
				ENABLE_STRICT_OBJC_MSGSEND = YES;
				GCC_C_LANGUAGE_STANDARD = gnu11;
				GCC_NO_COMMON_BLOCKS = YES;
				GCC_WARN_64_TO_32_BIT_CONVERSION = YES;
				GCC_WARN_ABOUT_RETURN_TYPE = YES_ERROR;
				GCC_WARN_UNDECLARED_SELECTOR = YES;
				GCC_WARN_UNINITIALIZED_AUTOS = YES_AGGRESSIVE;
				GCC_WARN_UNUSED_FUNCTION = YES;
				GCC_WARN_UNUSED_VARIABLE = YES;
				IPHONEOS_DEPLOYMENT_TARGET = 14.3;
				MTL_ENABLE_DEBUG_INFO = NO;
				MTL_FAST_MATH = YES;
				SDKROOT = iphoneos;
				SWIFT_COMPILATION_MODE = wholemodule;
				SWIFT_OPTIMIZATION_LEVEL = "-O";
				VALIDATE_PRODUCT = YES;
			};
			name = Release;
		};
		F91E024725C77D1C0027994D /* Debug */ = {
			isa = XCBuildConfiguration;
			buildSettings = {
				ASSETCATALOG_COMPILER_APPICON_NAME = AppIcon;
				ASSETCATALOG_COMPILER_GLOBAL_ACCENT_COLOR_NAME = AccentColor;
				CODE_SIGN_STYLE = Automatic;
				INFOPLIST_FILE = Prework/Info.plist;
				LD_RUNPATH_SEARCH_PATHS = (
					"$(inherited)",
					"@executable_path/Frameworks",
				);
				PRODUCT_BUNDLE_IDENTIFIER = Codepath.Prework;
				PRODUCT_NAME = "$(TARGET_NAME)";
				SWIFT_VERSION = 5.0;
				TARGETED_DEVICE_FAMILY = "1,2";
			};
			name = Debug;
		};
		F91E024825C77D1C0027994D /* Release */ = {
			isa = XCBuildConfiguration;
			buildSettings = {
				ASSETCATALOG_COMPILER_APPICON_NAME = AppIcon;
				ASSETCATALOG_COMPILER_GLOBAL_ACCENT_COLOR_NAME = AccentColor;
				CODE_SIGN_STYLE = Automatic;
				INFOPLIST_FILE = Prework/Info.plist;
				LD_RUNPATH_SEARCH_PATHS = (
					"$(inherited)",
					"@executable_path/Frameworks",
				);
				PRODUCT_BUNDLE_IDENTIFIER = Codepath.Prework;
				PRODUCT_NAME = "$(TARGET_NAME)";
				SWIFT_VERSION = 5.0;
				TARGETED_DEVICE_FAMILY = "1,2";
			};
			name = Release;
		};
		F91E024A25C77D1C0027994D /* Debug */ = {
			isa = XCBuildConfiguration;
			buildSettings = {
				ALWAYS_EMBED_SWIFT_STANDARD_LIBRARIES = YES;
				BUNDLE_LOADER = "$(TEST_HOST)";
				CODE_SIGN_STYLE = Automatic;
				INFOPLIST_FILE = PreworkTests/Info.plist;
				IPHONEOS_DEPLOYMENT_TARGET = 14.3;
				LD_RUNPATH_SEARCH_PATHS = (
					"$(inherited)",
					"@executable_path/Frameworks",
					"@loader_path/Frameworks",
				);
				PRODUCT_BUNDLE_IDENTIFIER = Codepath.PreworkTests;
				PRODUCT_NAME = "$(TARGET_NAME)";
				SWIFT_VERSION = 5.0;
				TARGETED_DEVICE_FAMILY = "1,2";
				TEST_HOST = "$(BUILT_PRODUCTS_DIR)/Prework.app/Prework";
			};
			name = Debug;
		};
		F91E024B25C77D1C0027994D /* Release */ = {
			isa = XCBuildConfiguration;
			buildSettings = {
				ALWAYS_EMBED_SWIFT_STANDARD_LIBRARIES = YES;
				BUNDLE_LOADER = "$(TEST_HOST)";
				CODE_SIGN_STYLE = Automatic;
				INFOPLIST_FILE = PreworkTests/Info.plist;
				IPHONEOS_DEPLOYMENT_TARGET = 14.3;
				LD_RUNPATH_SEARCH_PATHS = (
					"$(inherited)",
					"@executable_path/Frameworks",
					"@loader_path/Frameworks",
				);
				PRODUCT_BUNDLE_IDENTIFIER = Codepath.PreworkTests;
				PRODUCT_NAME = "$(TARGET_NAME)";
				SWIFT_VERSION = 5.0;
				TARGETED_DEVICE_FAMILY = "1,2";
				TEST_HOST = "$(BUILT_PRODUCTS_DIR)/Prework.app/Prework";
			};
			name = Release;
		};
		F91E024D25C77D1C0027994D /* Debug */ = {
			isa = XCBuildConfiguration;
			buildSettings = {
				ALWAYS_EMBED_SWIFT_STANDARD_LIBRARIES = YES;
				CODE_SIGN_STYLE = Automatic;
				INFOPLIST_FILE = PreworkUITests/Info.plist;
				LD_RUNPATH_SEARCH_PATHS = (
					"$(inherited)",
					"@executable_path/Frameworks",
					"@loader_path/Frameworks",
				);
				PRODUCT_BUNDLE_IDENTIFIER = Codepath.PreworkUITests;
				PRODUCT_NAME = "$(TARGET_NAME)";
				SWIFT_VERSION = 5.0;
				TARGETED_DEVICE_FAMILY = "1,2";
				TEST_TARGET_NAME = Prework;
			};
			name = Debug;
		};
		F91E024E25C77D1C0027994D /* Release */ = {
			isa = XCBuildConfiguration;
			buildSettings = {
				ALWAYS_EMBED_SWIFT_STANDARD_LIBRARIES = YES;
				CODE_SIGN_STYLE = Automatic;
				INFOPLIST_FILE = PreworkUITests/Info.plist;
				LD_RUNPATH_SEARCH_PATHS = (
					"$(inherited)",
					"@executable_path/Frameworks",
					"@loader_path/Frameworks",
				);
				PRODUCT_BUNDLE_IDENTIFIER = Codepath.PreworkUITests;
				PRODUCT_NAME = "$(TARGET_NAME)";
				SWIFT_VERSION = 5.0;
				TARGETED_DEVICE_FAMILY = "1,2";
				TEST_TARGET_NAME = Prework;
			};
			name = Release;
		};
/* End XCBuildConfiguration section */

/* Begin XCConfigurationList section */
		F91E021725C77D180027994D /* Build configuration list for PBXProject "Prework" */ = {
			isa = XCConfigurationList;
			buildConfigurations = (
				F91E024425C77D1C0027994D /* Debug */,
				F91E024525C77D1C0027994D /* Release */,
			);
			defaultConfigurationIsVisible = 0;
			defaultConfigurationName = Release;
		};
		F91E024625C77D1C0027994D /* Build configuration list for PBXNativeTarget "Prework" */ = {
			isa = XCConfigurationList;
			buildConfigurations = (
				F91E024725C77D1C0027994D /* Debug */,
				F91E024825C77D1C0027994D /* Release */,
			);
			defaultConfigurationIsVisible = 0;
			defaultConfigurationName = Release;
		};
		F91E024925C77D1C0027994D /* Build configuration list for PBXNativeTarget "PreworkTests" */ = {
			isa = XCConfigurationList;
			buildConfigurations = (
				F91E024A25C77D1C0027994D /* Debug */,
				F91E024B25C77D1C0027994D /* Release */,
			);
			defaultConfigurationIsVisible = 0;
			defaultConfigurationName = Release;
		};
		F91E024C25C77D1C0027994D /* Build configuration list for PBXNativeTarget "PreworkUITests" */ = {
			isa = XCConfigurationList;
			buildConfigurations = (
				F91E024D25C77D1C0027994D /* Debug */,
				F91E024E25C77D1C0027994D /* Release */,
			);
			defaultConfigurationIsVisible = 0;
			defaultConfigurationName = Release;
		};
/* End XCConfigurationList section */
	};
	rootObject = F91E021425C77D180027994D /* Project object */;
}
